# THIS IS AN AUTOGENERATED FILE. DO NOT EDIT THIS FILE DIRECTLY.
# yarn lockfile v1


"@fortawesome/fontawesome-common-types@7.0.0":
  version "7.0.0"
  resolved "https://registry.yarnpkg.com/@fortawesome/fontawesome-common-types/-/fontawesome-common-types-7.0.0.tgz#1a03eb151263bffcc9c4d0b0b0ffef04496e4382"
  integrity sha512-PGMrIYXLGA5K8RWy8zwBkd4vFi4z7ubxtet6Yn13Plf6krRTwPbdlCwlcfmoX0R7B4Z643QvrtHmdQ5fNtfFCg==

"@fortawesome/free-brands-svg-icons@^7.0.0":
  version "7.0.0"
  resolved "https://registry.yarnpkg.com/@fortawesome/free-brands-svg-icons/-/free-brands-svg-icons-7.0.0.tgz#2510ed99f4406bb8e6459316a7d9b2432fa41b55"
  integrity sha512-C8oY28gq/Qx/cHReJa2AunKJUHvUZDVoPlSTHtAvjriaNfi+5nugW4cx7yA/xN3f/nYkElw11gFBoJ2xUDDFgg==
  dependencies:
    "@fortawesome/fontawesome-common-types" "7.0.0"

"@fortawesome/free-regular-svg-icons@^7.0.0":
  version "7.0.0"
  resolved "https://registry.yarnpkg.com/@fortawesome/free-regular-svg-icons/-/free-regular-svg-icons-7.0.0.tgz#4814a9e18156c734faed2922e9ba9544492ed4e1"
  integrity sha512-qAh0mTaCY22sQzMK2lKBrtn/aR4keUu5XmtdYR7d702laMe0h+Ab4Kj2pExR9HZkKhjKoq8pbwt8Td+mjW/ipQ==
  dependencies:
    "@fortawesome/fontawesome-common-types" "7.0.0"
